# @generated - this file is auto-generated by `mise lock` https://mise.en.dev/dev-tools/mise-lock.html

[[tools.ruby]]
version = "3.4.5"
backend = "core:ruby"

[tools.ruby."platforms.linux-x64"]
checksum = "sha256:5531aba181a0d71409279b729d8026d75779de9ee9f1b7ff736049e27c46064e"
url = "https://github.com/jdx/ruby/releases/download/3.4.5-3/ruby-3.4.5.x86_64_linux.tar.gz"
provenance = "github-attestations"

[tools.ruby."platforms.macos-arm64"]
checksum = "sha256:61873353eb691d7f27a02993fb0d4d9183cf20df91a8c4998c4464f5ca1c455e"
url = "https://github.com/jdx/ruby/releases/download/3.4.5-3/ruby-3.4.5.macos.tar.gz"
provenance = "github-attestations"

[tools.ruby."platforms.macos-x64"]
checksum = "sha256:1d88d8a27b442fdde4aa06dc99e86b0bbf0b288963d8433112dd5fac798fd5ee"
url = "https://cache.ruby-lang.org/pub/ruby/3.4/ruby-3.4.5.tar.gz"
